
Microsoft Visual Studio Solution File, Format Version 12.00
# Visual Studio Version 16
VisualStudioVersion = 16.0.30907.101
MinimumVisualStudioVersion = 10.0.40219.1
Project("{FAE04EC0-301F-11D3-BF4B-00C04F79EFBC}") = "Console3Games", "Console3Games\Console3Games.csproj", "{2954A9BA-87C4-44A0-96C4-E13E61E771C3}"
EndProject
Global
	GlobalSection(SolutionConfigurationPlatforms) = preSolution
		Debug|Any CPU = Debug|Any CPU
		Release|Any CPU = Release|Any CPU
	EndGlobalSection
	GlobalSection(ProjectConfigurationPlatforms) = postSolution
		{2954A9BA-87C4-44A0-96C4-E13E61E771C3}.Debug|Any CPU.ActiveCfg = Debug|Any CPU
		{2954A9BA-87C4-44A0-96C4-E13E61E771C3}.Debug|Any CPU.Build.0 = Debug|Any CPU
		{2954A9BA-87C4-44A0-96C4-E13E61E771C3}.Release|Any CPU.ActiveCfg = Release|Any CPU
		{2954A9BA-87C4-44A0-96C4-E13E61E771C3}.Release|Any CPU.Build.0 = Release|Any CPU
	EndGlobalSection
	GlobalSection(SolutionProperties) = preSolution
		HideSolutionNode = FALSE
	EndGlobalSection
	GlobalSection(ExtensibilityGlobals) = postSolution
		SolutionGuid = {A6236860-1476-4109-AF22-27FC4A8237D3}
	EndGlobalSection
EndGlobal
